
Microsoft Visual Studio Solution File, Format Version 12.00
# Visual Studio 2013
VisualStudioVersion = 12.0.40629.0
MinimumVisualStudioVersion = 10.0.40219.1
Project("{FAE04EC0-301F-11D3-BF4B-00C04F79EFBC}") = "TwinRx", "TwinRx\TwinRx.csproj", "{14A37C9D-BD34-4A3E-8E9E-10749B5D7BD1}"
EndProject
Project("{FAE04EC0-301F-11D3-BF4B-00C04F79EFBC}") = "Samples", "TestApplication\Samples.csproj", "{5A769DD9-2C17-412A-883C-D020D7B0D0BC}"
EndProject
Project("{FAE04EC0-301F-11D3-BF4B-00C04F79EFBC}") = "TwinRx.Tests", "TwinRx.Tests\TwinRx.Tests.csproj", "{D5C996E0-F06A-4A97-AD53-E404207398BF}"
EndProject
Project("{B1E792BE-AA5F-4E3C-8C82-674BF9C0715B}") = "TwinCatSample", "TwinCatSample\TwinCatSample.tsproj", "{2D34F0D9-3D00-45E0-A87E-78473E05F50D}"
EndProject
Global
	GlobalSection(SolutionConfigurationPlatforms) = preSolution
		Debug|Any CPU = Debug|Any CPU
		Debug|Mixed Platforms = Debug|Mixed Platforms
		Debug|TwinCAT CE7 (ARMV7) = Debug|TwinCAT CE7 (ARMV7)
		Debug|TwinCAT RT (x64) = Debug|TwinCAT RT (x64)
		Debug|TwinCAT RT (x86) = Debug|TwinCAT RT (x86)
		Release|Any CPU = Release|Any CPU
		Release|Mixed Platforms = Release|Mixed Platforms
		Release|TwinCAT CE7 (ARMV7) = Release|TwinCAT CE7 (ARMV7)
		Release|TwinCAT RT (x64) = Release|TwinCAT RT (x64)
		Release|TwinCAT RT (x86) = Release|TwinCAT RT (x86)
	EndGlobalSection
	GlobalSection(ProjectConfigurationPlatforms) = postSolution
		{14A37C9D-BD34-4A3E-8E9E-10749B5D7BD1}.Debug|Any CPU.ActiveCfg = Debug|Any CPU
		{14A37C9D-BD34-4A3E-8E9E-10749B5D7BD1}.Debug|Any CPU.Build.0 = Debug|Any CPU
		{14A37C9D-BD34-4A3E-8E9E-10749B5D7BD1}.Debug|Mixed Platforms.ActiveCfg = Debug|Any CPU
		{14A37C9D-BD34-4A3E-8E9E-10749B5D7BD1}.Debug|Mixed Platforms.Build.0 = Debug|Any CPU
		{14A37C9D-BD34-4A3E-8E9E-10749B5D7BD1}.Debug|TwinCAT CE7 (ARMV7).ActiveCfg = Debug|Any CPU
		{14A37C9D-BD34-4A3E-8E9E-10749B5D7BD1}.Debug|TwinCAT RT (x64).ActiveCfg = Debug|Any CPU
		{14A37C9D-BD34-4A3E-8E9E-10749B5D7BD1}.Debug|TwinCAT RT (x86).ActiveCfg = Debug|Any CPU
		{14A37C9D-BD34-4A3E-8E9E-10749B5D7BD1}.Release|Any CPU.ActiveCfg = Release|Any CPU
		{14A37C9D-BD34-4A3E-8E9E-10749B5D7BD1}.Release|Any CPU.Build.0 = Release|Any CPU
		{14A37C9D-BD34-4A3E-8E9E-10749B5D7BD1}.Release|Mixed Platforms.ActiveCfg = Release|Any CPU
		{14A37C9D-BD34-4A3E-8E9E-10749B5D7BD1}.Release|Mixed Platforms.Build.0 = Release|Any CPU
		{14A37C9D-BD34-4A3E-8E9E-10749B5D7BD1}.Release|TwinCAT CE7 (ARMV7).ActiveCfg = Release|Any CPU
		{14A37C9D-BD34-4A3E-8E9E-10749B5D7BD1}.Release|TwinCAT RT (x64).ActiveCfg = Release|Any CPU
		{14A37C9D-BD34-4A3E-8E9E-10749B5D7BD1}.Release|TwinCAT RT (x86).ActiveCfg = Release|Any CPU
		{5A769DD9-2C17-412A-883C-D020D7B0D0BC}.Debug|Any CPU.ActiveCfg = Debug|Any CPU
		{5A769DD9-2C17-412A-883C-D020D7B0D0BC}.Debug|Any CPU.Build.0 = Debug|Any CPU
		{5A769DD9-2C17-412A-883C-D020D7B0D0BC}.Debug|Mixed Platforms.ActiveCfg = Debug|Any CPU
		{5A769DD9-2C17-412A-883C-D020D7B0D0BC}.Debug|Mixed Platforms.Build.0 = Debug|Any CPU
		{5A769DD9-2C17-412A-883C-D020D7B0D0BC}.Debug|TwinCAT CE7 (ARMV7).ActiveCfg = Debug|Any CPU
		{5A769DD9-2C17-412A-883C-D020D7B0D0BC}.Debug|TwinCAT RT (x64).ActiveCfg = Debug|Any CPU
		{5A769DD9-2C17-412A-883C-D020D7B0D0BC}.Debug|TwinCAT RT (x86).ActiveCfg = Debug|Any CPU
		{5A769DD9-2C17-412A-883C-D020D7B0D0BC}.Release|Any CPU.ActiveCfg = Release|Any CPU
		{5A769DD9-2C17-412A-883C-D020D7B0D0BC}.Release|Any CPU.Build.0 = Release|Any CPU
		{5A769DD9-2C17-412A-883C-D020D7B0D0BC}.Release|Mixed Platforms.ActiveCfg = Release|Any CPU
		{5A769DD9-2C17-412A-883C-D020D7B0D0BC}.Release|Mixed Platforms.Build.0 = Release|Any CPU
		{5A769DD9-2C17-412A-883C-D020D7B0D0BC}.Release|TwinCAT CE7 (ARMV7).ActiveCfg = Release|Any CPU
		{5A769DD9-2C17-412A-883C-D020D7B0D0BC}.Release|TwinCAT RT (x64).ActiveCfg = Release|Any CPU
		{5A769DD9-2C17-412A-883C-D020D7B0D0BC}.Release|TwinCAT RT (x86).ActiveCfg = Release|Any CPU
		{D5C996E0-F06A-4A97-AD53-E404207398BF}.Debug|Any CPU.ActiveCfg = Debug|Any CPU
		{D5C996E0-F06A-4A97-AD53-E404207398BF}.Debug|Any CPU.Build.0 = Debug|Any CPU
		{D5C996E0-F06A-4A97-AD53-E404207398BF}.Debug|Mixed Platforms.ActiveCfg = Debug|Any CPU
		{D5C996E0-F06A-4A97-AD53-E404207398BF}.Debug|Mixed Platforms.Build.0 = Debug|Any CPU
		{D5C996E0-F06A-4A97-AD53-E404207398BF}.Debug|TwinCAT CE7 (ARMV7).ActiveCfg = Debug|Any CPU
		{D5C996E0-F06A-4A97-AD53-E404207398BF}.Debug|TwinCAT RT (x64).ActiveCfg = Debug|Any CPU
		{D5C996E0-F06A-4A97-AD53-E404207398BF}.Debug|TwinCAT RT (x86).ActiveCfg = Debug|Any CPU
		{D5C996E0-F06A-4A97-AD53-E404207398BF}.Release|Any CPU.ActiveCfg = Release|Any CPU
		{D5C996E0-F06A-4A97-AD53-E404207398BF}.Release|Any CPU.Build.0 = Release|Any CPU
		{D5C996E0-F06A-4A97-AD53-E404207398BF}.Release|Mixed Platforms.ActiveCfg = Release|Any CPU
		{D5C996E0-F06A-4A97-AD53-E404207398BF}.Release|Mixed Platforms.Build.0 = Release|Any CPU
		{D5C996E0-F06A-4A97-AD53-E404207398BF}.Release|TwinCAT CE7 (ARMV7).ActiveCfg = Release|Any CPU
		{D5C996E0-F06A-4A97-AD53-E404207398BF}.Release|TwinCAT RT (x64).ActiveCfg = Release|Any CPU
		{D5C996E0-F06A-4A97-AD53-E404207398BF}.Release|TwinCAT RT (x86).ActiveCfg = Release|Any CPU
		{2D34F0D9-3D00-45E0-A87E-78473E05F50D}.Debug|Any CPU.ActiveCfg = Debug|TwinCAT CE7 (ARMV7)
		{2D34F0D9-3D00-45E0-A87E-78473E05F50D}.Debug|Mixed Platforms.ActiveCfg = Debug|TwinCAT CE7 (ARMV7)
		{2D34F0D9-3D00-45E0-A87E-78473E05F50D}.Debug|Mixed Platforms.Build.0 = Debug|TwinCAT CE7 (ARMV7)
		{2D34F0D9-3D00-45E0-A87E-78473E05F50D}.Debug|TwinCAT CE7 (ARMV7).ActiveCfg = Debug|TwinCAT CE7 (ARMV7)
		{2D34F0D9-3D00-45E0-A87E-78473E05F50D}.Debug|TwinCAT CE7 (ARMV7).Build.0 = Debug|TwinCAT CE7 (ARMV7)
		{2D34F0D9-3D00-45E0-A87E-78473E05F50D}.Debug|TwinCAT RT (x64).ActiveCfg = Debug|TwinCAT RT (x64)
		{2D34F0D9-3D00-45E0-A87E-78473E05F50D}.Debug|TwinCAT RT (x64).Build.0 = Debug|TwinCAT RT (x64)
		{2D34F0D9-3D00-45E0-A87E-78473E05F50D}.Debug|TwinCAT RT (x86).ActiveCfg = Debug|TwinCAT RT (x86)
		{2D34F0D9-3D00-45E0-A87E-78473E05F50D}.Debug|TwinCAT RT (x86).Build.0 = Debug|TwinCAT RT (x86)
		{2D34F0D9-3D00-45E0-A87E-78473E05F50D}.Release|Any CPU.ActiveCfg = Release|TwinCAT RT (x86)
		{2D34F0D9-3D00-45E0-A87E-78473E05F50D}.Release|Any CPU.Build.0 = Release|TwinCAT RT (x86)
		{2D34F0D9-3D00-45E0-A87E-78473E05F50D}.Release|Mixed Platforms.ActiveCfg = Release|TwinCAT CE7 (ARMV7)
		{2D34F0D9-3D00-45E0-A87E-78473E05F50D}.Release|Mixed Platforms.Build.0 = Release|TwinCAT CE7 (ARMV7)
		{2D34F0D9-3D00-45E0-A87E-78473E05F50D}.Release|TwinCAT CE7 (ARMV7).ActiveCfg = Release|TwinCAT CE7 (ARMV7)
		{2D34F0D9-3D00-45E0-A87E-78473E05F50D}.Release|TwinCAT CE7 (ARMV7).Build.0 = Release|TwinCAT CE7 (ARMV7)
		{2D34F0D9-3D00-45E0-A87E-78473E05F50D}.Release|TwinCAT RT (x64).ActiveCfg = Release|TwinCAT RT (x64)
		{2D34F0D9-3D00-45E0-A87E-78473E05F50D}.Release|TwinCAT RT (x64).Build.0 = Release|TwinCAT RT (x64)
		{2D34F0D9-3D00-45E0-A87E-78473E05F50D}.Release|TwinCAT RT (x86).ActiveCfg = Release|TwinCAT RT (x86)
		{2D34F0D9-3D00-45E0-A87E-78473E05F50D}.Release|TwinCAT RT (x86).Build.0 = Release|TwinCAT RT (x86)
		{D8CF845B-C812-4421-AB40-946234961D34}.Debug|Any CPU.ActiveCfg = Debug|TwinCAT CE7 (ARMV7)
		{D8CF845B-C812-4421-AB40-946234961D34}.Debug|Mixed Platforms.ActiveCfg = Debug|TwinCAT CE7 (ARMV7)
		{D8CF845B-C812-4421-AB40-946234961D34}.Debug|Mixed Platforms.Build.0 = Debug|TwinCAT CE7 (ARMV7)
		{D8CF845B-C812-4421-AB40-946234961D34}.Debug|TwinCAT CE7 (ARMV7).ActiveCfg = Debug|TwinCAT CE7 (ARMV7)
		{D8CF845B-C812-4421-AB40-946234961D34}.Debug|TwinCAT CE7 (ARMV7).Build.0 = Debug|TwinCAT CE7 (ARMV7)
		{D8CF845B-C812-4421-AB40-946234961D34}.Debug|TwinCAT RT (x64).ActiveCfg = Debug|TwinCAT RT (x64)
		{D8CF845B-C812-4421-AB40-946234961D34}.Debug|TwinCAT RT (x64).Build.0 = Debug|TwinCAT RT (x64)
		{D8CF845B-C812-4421-AB40-946234961D34}.Debug|TwinCAT RT (x86).ActiveCfg = Debug|TwinCAT RT (x86)
		{D8CF845B-C812-4421-AB40-946234961D34}.Debug|TwinCAT RT (x86).Build.0 = Debug|TwinCAT RT (x86)
		{D8CF845B-C812-4421-AB40-946234961D34}.Release|Any CPU.ActiveCfg = Release|TwinCAT RT (x86)
		{D8CF845B-C812-4421-AB40-946234961D34}.Release|Any CPU.Build.0 = Release|TwinCAT RT (x86)
		{D8CF845B-C812-4421-AB40-946234961D34}.Release|Mixed Platforms.ActiveCfg = Release|TwinCAT CE7 (ARMV7)
		{D8CF845B-C812-4421-AB40-946234961D34}.Release|Mixed Platforms.Build.0 = Release|TwinCAT CE7 (ARMV7)
		{D8CF845B-C812-4421-AB40-946234961D34}.Release|TwinCAT CE7 (ARMV7).ActiveCfg = Release|TwinCAT CE7 (ARMV7)
		{D8CF845B-C812-4421-AB40-946234961D34}.Release|TwinCAT CE7 (ARMV7).Build.0 = Release|TwinCAT CE7 (ARMV7)
		{D8CF845B-C812-4421-AB40-946234961D34}.Release|TwinCAT RT (x64).ActiveCfg = Release|TwinCAT RT (x64)
		{D8CF845B-C812-4421-AB40-946234961D34}.Release|TwinCAT RT (x64).Build.0 = Release|TwinCAT RT (x64)
		{D8CF845B-C812-4421-AB40-946234961D34}.Release|TwinCAT RT (x86).ActiveCfg = Release|TwinCAT RT (x86)
		{D8CF845B-C812-4421-AB40-946234961D34}.Release|TwinCAT RT (x86).Build.0 = Release|TwinCAT RT (x86)
	EndGlobalSection
	GlobalSection(SolutionProperties) = preSolution
		HideSolutionNode = FALSE
	EndGlobalSection
EndGlobal
