
Microsoft Visual Studio Solution File, Format Version 12.00
# Visual Studio 2013
VisualStudioVersion = 12.0.40629.0
MinimumVisualStudioVersion = 10.0.40219.1
Project("{FAE04EC0-301F-11D3-BF4B-00C04F79EFBC}") = "TwinRx", "TwinRx\TwinRx.csproj", "{14A37C9D-BD34-4A3E-8E9E-10749B5D7BD1}"
EndProject
Project("{FAE04EC0-301F-11D3-BF4B-00C04F79EFBC}") = "Samples", "TestApplication\Samples.csproj", "{5A769DD9-2C17-412A-883C-D020D7B0D0BC}"
EndProject
Global
	GlobalSection(SolutionConfigurationPlatforms) = preSolution
		Debug|Any CPU = Debug|Any CPU
		Release|Any CPU = Release|Any CPU
	EndGlobalSection
	GlobalSection(ProjectConfigurationPlatforms) = postSolution
		{14A37C9D-BD34-4A3E-8E9E-10749B5D7BD1}.Debug|Any CPU.ActiveCfg = Debug|Any CPU
		{14A37C9D-BD34-4A3E-8E9E-10749B5D7BD1}.Debug|Any CPU.Build.0 = Debug|Any CPU
		{14A37C9D-BD34-4A3E-8E9E-10749B5D7BD1}.Release|Any CPU.ActiveCfg = Release|Any CPU
		{14A37C9D-BD34-4A3E-8E9E-10749B5D7BD1}.Release|Any CPU.Build.0 = Release|Any CPU
		{5A769DD9-2C17-412A-883C-D020D7B0D0BC}.Debug|Any CPU.ActiveCfg = Debug|Any CPU
		{5A769DD9-2C17-412A-883C-D020D7B0D0BC}.Debug|Any CPU.Build.0 = Debug|Any CPU
		{5A769DD9-2C17-412A-883C-D020D7B0D0BC}.Release|Any CPU.ActiveCfg = Release|Any CPU
		{5A769DD9-2C17-412A-883C-D020D7B0D0BC}.Release|Any CPU.Build.0 = Release|Any CPU
	EndGlobalSection
	GlobalSection(SolutionProperties) = preSolution
		HideSolutionNode = FALSE
	EndGlobalSection
EndGlobal
